# THIS IS AN AUTOGENERATED FILE. DO NOT EDIT THIS FILE DIRECTLY.
# yarn lockfile v1


"@types/nlcst@^1.0.0":
  "integrity" "sha512-3TGCfOcy8R8mMQ4CNSNOe3PG66HttvjcLzCoOpvXvDtfWOTi+uT/rxeOKm/qEwbM4SNe1O/PjdiBK2YcTjU4OQ=="
  "resolved" "https://registry.npmjs.org/@types/nlcst/-/nlcst-1.0.0.tgz"
  "version" "1.0.0"
  dependencies:
    "@types/unist" "*"

"@types/supports-color@^8.0.0":
  "integrity" "sha512-dPWnWsf+kzIG140B8z2w3fr5D03TLWbOAFQl45xUpI3vcizeXriNR5VYkWZ+WTMsUHqZ9Xlt3hrxGNANFyNQfw=="
  "resolved" "https://registry.npmjs.org/@types/supports-color/-/supports-color-8.1.1.tgz"
  "version" "8.1.1"

"@types/unist@*", "@types/unist@^2.0.0", "@types/unist@^2.0.6":
  "integrity" "sha512-PBjIUxZHOuj0R15/xuwJYjFi+KZdNFrehocChv4g5hu6aFroHue8m0lBP0POdK2nKzbw0cgV1mws8+V/JAcEkQ=="
  "resolved" "https://registry.npmjs.org/@types/unist/-/unist-2.0.6.tgz"
  "version" "2.0.6"

"accepts@~1.3.8":
  "integrity" "sha512-PYAthTa2m2VKxuvSD3DPC/Gy+U+sOA1LAuT8mkmRuvw+NACSaeXEQ+NHcVF7rONl6qcaxV3Uuemwawk+7+SJLw=="
  "resolved" "https://registry.npmjs.org/accepts/-/accepts-1.3.8.tgz"
  "version" "1.3.8"
  dependencies:
    "mime-types" "~2.1.34"
    "negotiator" "0.6.3"

"ansi-regex@^6.0.1":
  "integrity" "sha512-n5M855fKb2SsfMIiFFoVrABHJC8QtHwVx+mHWP3QcEqBHYienj5dHSgjbxtC0WEZXYt4wcD6zrQElDPhFuZgfA=="
  "resolved" "https://registry.npmjs.org/ansi-regex/-/ansi-regex-6.0.1.tgz"
  "version" "6.0.1"

"array-flatten@1.1.1":
  "integrity" "sha512-PCVAQswWemu6UdxsDFFX/+gVeYqKAod3D3UVm91jHwynguOwAvYPhx8nNlM++NqRcK6CxxpUafjmhIdKiHibqg=="
  "resolved" "https://registry.npmjs.org/array-flatten/-/array-flatten-1.1.1.tgz"
  "version" "1.1.1"

"array-iterate@^1.0.0":
  "integrity" "sha512-sNRaPGh9nnmdC8Zf+pT3UqP8rnWj5Hf9wiFGsX3wUQ2yVSIhO2ShFwCoceIPpB41QF6i2OEmrHmCo36xronCVA=="
  "resolved" "https://registry.npmjs.org/array-iterate/-/array-iterate-1.1.4.tgz"
  "version" "1.1.4"

"bail@^2.0.0":
  "integrity" "sha512-0xO6mYd7JB2YesxDKplafRpsiOzPt9V02ddPCLbY1xYGPOX24NTyN50qnUxgCPcSoYMhKpAuBTjQoRZCAkUDRw=="
  "resolved" "https://registry.npmjs.org/bail/-/bail-2.0.2.tgz"
  "version" "2.0.2"

"body-parser@1.20.0":
  "integrity" "sha512-DfJ+q6EPcGKZD1QWUjSpqp+Q7bDQTsQIF4zfUAtZ6qk+H/3/QRhg9CEp39ss+/T2vw0+HaidC0ecJj/DRLIaKg=="
  "resolved" "https://registry.npmjs.org/body-parser/-/body-parser-1.20.0.tgz"
  "version" "1.20.0"
  dependencies:
    "bytes" "3.1.2"
    "content-type" "~1.0.4"
    "debug" "2.6.9"
    "depd" "2.0.0"
    "destroy" "1.2.0"
    "http-errors" "2.0.0"
    "iconv-lite" "0.4.24"
    "on-finished" "2.4.1"
    "qs" "6.10.3"
    "raw-body" "2.5.1"
    "type-is" "~1.6.18"
    "unpipe" "1.0.0"

"bytes@3.1.2":
  "integrity" "sha512-/Nf7TyzTx6S3yRJObOAV7956r8cr2+Oj8AC5dt8wSP3BQAoeX58NoHyCU8P8zGkNXStjTSi6fzO6F0pBdcYbEg=="
  "resolved" "https://registry.npmjs.org/bytes/-/bytes-3.1.2.tgz"
  "version" "3.1.2"

"call-bind@^1.0.0":
  "integrity" "sha512-7O+FbCihrB5WGbFYesctwmTKae6rOiIzmz1icreWJ+0aA7LJfuqhEso2T9ncpcFtzMQtzXf2QGGueWJGTYsqrA=="
  "resolved" "https://registry.npmjs.org/call-bind/-/call-bind-1.0.2.tgz"
  "version" "1.0.2"
  dependencies:
    "function-bind" "^1.1.1"
    "get-intrinsic" "^1.0.2"

"content-disposition@0.5.4":
  "integrity" "sha512-FveZTNuGw04cxlAiWbzi6zTAL/lhehaWbTtgluJh4/E95DqMwTmha3KZN1aAWA8cFIhHzMZUvLevkw5Rqk+tSQ=="
  "resolved" "https://registry.npmjs.org/content-disposition/-/content-disposition-0.5.4.tgz"
  "version" "0.5.4"
  dependencies:
    "safe-buffer" "5.2.1"

"content-type@~1.0.4":
  "integrity" "sha512-hIP3EEPs8tB9AT1L+NUqtwOAps4mk2Zob89MWXMHjHWg9milF/j4osnnQLXBCBFBk/tvIG/tUc9mOUJiPBhPXA=="
  "resolved" "https://registry.npmjs.org/content-type/-/content-type-1.0.4.tgz"
  "version" "1.0.4"

"cookie-signature@1.0.6":
  "integrity" "sha512-QADzlaHc8icV8I7vbaJXJwod9HWYp8uCqf1xa4OfNu1T7JVxQIrUgOWtHdNDtPiywmFbiS12VjotIXLrKM3orQ=="
  "resolved" "https://registry.npmjs.org/cookie-signature/-/cookie-signature-1.0.6.tgz"
  "version" "1.0.6"

"cookie@0.5.0":
  "integrity" "sha512-YZ3GUyn/o8gfKJlnlX7g7xq4gyO6OSuhGPKaaGssGB2qgDUS0gPgtTvoyZLTt9Ab6dC4hfc9dV5arkvc/OCmrw=="
  "resolved" "https://registry.npmjs.org/cookie/-/cookie-0.5.0.tgz"
  "version" "0.5.0"

"cuss@^2.0.0":
  "integrity" "sha512-EHbh7F4GHvgyuakXeic9wtfeEYves17MxLpgIsljCbaDil6auJVsTTLV/qwkZ58+Gu+NKmMHVQm81J3BcEqwUg=="
  "resolved" "https://registry.npmjs.org/cuss/-/cuss-2.0.0.tgz"
  "version" "2.0.0"

"debug@2.6.9":
  "integrity" "sha512-bC7ElrdJaJnPbAP+1EotYvqZsb3ecl5wi6Bfi6BJTUcNowp6cvspg0jXznRTKDjm/E7AdgFBVeAPVMNcKGsHMA=="
  "resolved" "https://registry.npmjs.org/debug/-/debug-2.6.9.tgz"
  "version" "2.6.9"
  dependencies:
    "ms" "2.0.0"

"depd@2.0.0":
  "integrity" "sha512-g7nH6P6dyDioJogAAGprGpCtVImJhpPk/roCzdb3fIh61/s/nPsfR6onyMwkCAR/OlC3yBC0lESvUoQEAssIrw=="
  "resolved" "https://registry.npmjs.org/depd/-/depd-2.0.0.tgz"
  "version" "2.0.0"

"destroy@1.2.0":
  "integrity" "sha512-2sJGJTaXIIaR1w4iJSNoN0hnMY7Gpc/n8D4qSCJw8QqFWXf7cuAgnEHxBpweaVcPevC2l3KpjYCx3NypQQgaJg=="
  "resolved" "https://registry.npmjs.org/destroy/-/destroy-1.2.0.tgz"
  "version" "1.2.0"

"dictionary-en@^3.2.0":
  "integrity" "sha512-oujbJhuplUTlDntmOoultEcNyk8ge7cFI6yXNn7eJvpbBJOhGNhWtK0XjOJsiwl4EfIeyvDKwGB95vJXv1d+lQ=="
  "resolved" "https://registry.npmjs.org/dictionary-en/-/dictionary-en-3.2.0.tgz"
  "version" "3.2.0"

"eastasianwidth@^0.2.0":
  "integrity" "sha512-I88TYZWc9XiYHRQ4/3c5rjjfgkjhLyW2luGIheGERbNQ6OY7yTybanSpDXZa8y7VUP9YmDcYa+eyq4ca7iLqWA=="
  "resolved" "https://registry.npmjs.org/eastasianwidth/-/eastasianwidth-0.2.0.tgz"
  "version" "0.2.0"

"ee-first@1.1.1":
  "integrity" "sha512-WMwm9LhRUo+WUaRN+vRuETqG89IgZphVSNkdFgeb6sS/E4OrDIN7t48CAewSHXc6C8lefD8KKfr5vY61brQlow=="
  "resolved" "https://registry.npmjs.org/ee-first/-/ee-first-1.1.1.tgz"
  "version" "1.1.1"

"emoji-regex@^9.2.2":
  "integrity" "sha512-L18DaJsXSUk2+42pv8mLs5jJT2hqFkFE4j21wOmgbUqsZ2hL72NsUU785g9RXgo3s0ZNgVl42TiHp3ZtOv/Vyg=="
  "resolved" "https://registry.npmjs.org/emoji-regex/-/emoji-regex-9.2.2.tgz"
  "version" "9.2.2"

"encodeurl@~1.0.2":
  "integrity" "sha512-TPJXq8JqFaVYm2CWmPvnP2Iyo4ZSM7/QKcSmuMLDObfpH5fi7RUGmd/rTDf+rut/saiDiQEeVTNgAmJEdAOx0w=="
  "resolved" "https://registry.npmjs.org/encodeurl/-/encodeurl-1.0.2.tgz"
  "version" "1.0.2"

"escape-html@~1.0.3":
  "integrity" "sha512-NiSupZ4OeuGwr68lGIeym/ksIZMJodUGOSCZ/FSnTxcrekbvqrgdUxlJOMpijaKZVjAJrWrGs/6Jy8OMuyj9ow=="
  "resolved" "https://registry.npmjs.org/escape-html/-/escape-html-1.0.3.tgz"
  "version" "1.0.3"

"etag@~1.8.1":
  "integrity" "sha512-aIL5Fx7mawVa300al2BnEE4iNvo1qETxLrPI/o05L7z6go7fCw1J6EQmbK4FmJ2AS7kgVF/KEZWufBfdClMcPg=="
  "resolved" "https://registry.npmjs.org/etag/-/etag-1.8.1.tgz"
  "version" "1.8.1"

"express@^4.18.1":
  "integrity" "sha512-zZBcOX9TfehHQhtupq57OF8lFZ3UZi08Y97dwFCkD8p9d/d2Y3M+ykKcwaMDEL+4qyUolgBDX6AblpR3fL212Q=="
  "resolved" "https://registry.npmjs.org/express/-/express-4.18.1.tgz"
  "version" "4.18.1"
  dependencies:
    "accepts" "~1.3.8"
    "array-flatten" "1.1.1"
    "body-parser" "1.20.0"
    "content-disposition" "0.5.4"
    "content-type" "~1.0.4"
    "cookie" "0.5.0"
    "cookie-signature" "1.0.6"
    "debug" "2.6.9"
    "depd" "2.0.0"
    "encodeurl" "~1.0.2"
    "escape-html" "~1.0.3"
    "etag" "~1.8.1"
    "finalhandler" "1.2.0"
    "fresh" "0.5.2"
    "http-errors" "2.0.0"
    "merge-descriptors" "1.0.1"
    "methods" "~1.1.2"
    "on-finished" "2.4.1"
    "parseurl" "~1.3.3"
    "path-to-regexp" "0.1.7"
    "proxy-addr" "~2.0.7"
    "qs" "6.10.3"
    "range-parser" "~1.2.1"
    "safe-buffer" "5.2.1"
    "send" "0.18.0"
    "serve-static" "1.15.0"
    "setprototypeof" "1.2.0"
    "statuses" "2.0.1"
    "type-is" "~1.6.18"
    "utils-merge" "1.0.1"
    "vary" "~1.1.2"

"extend@^3.0.0":
  "integrity" "sha512-fjquC59cD7CyW6urNXK0FBufkZcoiGG80wTuPujX590cB5Ttln20E2UB4S/WARVqhXffZl2LNgS+gQdPIIim/g=="
  "resolved" "https://registry.npmjs.org/extend/-/extend-3.0.2.tgz"
  "version" "3.0.2"

"finalhandler@1.2.0":
  "integrity" "sha512-5uXcUVftlQMFnWC9qu/svkWv3GTd2PfUhK/3PLkYNAe7FbqJMt3515HaxE6eRL74GdsriiwujiawdaB1BpEISg=="
  "resolved" "https://registry.npmjs.org/finalhandler/-/finalhandler-1.2.0.tgz"
  "version" "1.2.0"
  dependencies:
    "debug" "2.6.9"
    "encodeurl" "~1.0.2"
    "escape-html" "~1.0.3"
    "on-finished" "2.4.1"
    "parseurl" "~1.3.3"
    "statuses" "2.0.1"
    "unpipe" "~1.0.0"

"format@^0.2.0":
  "integrity" "sha512-wzsgA6WOq+09wrU1tsJ09udeR/YZRaeArL9e1wPbFg3GG2yDnC2ldKpxs4xunpFF9DgqCqOIra3bc1HWrJ37Ww=="
  "resolved" "https://registry.npmjs.org/format/-/format-0.2.2.tgz"
  "version" "0.2.2"

"forwarded@0.2.0":
  "integrity" "sha512-buRG0fpBtRHSTCOASe6hD258tEubFoRLb4ZNA6NxMVHNw2gOcwHo9wyablzMzOA5z9xA9L1KNjk/Nt6MT9aYow=="
  "resolved" "https://registry.npmjs.org/forwarded/-/forwarded-0.2.0.tgz"
  "version" "0.2.0"

"fresh@0.5.2":
  "integrity" "sha512-zJ2mQYM18rEFOudeV4GShTGIQ7RbzA7ozbU9I/XBpm7kqgMywgmylMwXHxZJmkVoYkna9d2pVXVXPdYTP9ej8Q=="
  "resolved" "https://registry.npmjs.org/fresh/-/fresh-0.5.2.tgz"
  "version" "0.5.2"

"function-bind@^1.1.1":
  "integrity" "sha512-yIovAzMX49sF8Yl58fSCWJ5svSLuaibPxXQJFLmBObTuCr0Mf1KiPopGM9NiFjiYBCbfaa2Fh6breQ6ANVTI0A=="
  "resolved" "https://registry.npmjs.org/function-bind/-/function-bind-1.1.1.tgz"
  "version" "1.1.1"

"get-intrinsic@^1.0.2":
  "integrity" "sha512-Jfm3OyCxHh9DJyc28qGk+JmfkpO41A4XkneDSujN9MDXrm4oDKdHvndhZ2dN94+ERNfkYJWDclW6k2L/ZGHjXA=="
  "resolved" "https://registry.npmjs.org/get-intrinsic/-/get-intrinsic-1.1.2.tgz"
  "version" "1.1.2"
  dependencies:
    "function-bind" "^1.1.1"
    "has" "^1.0.3"
    "has-symbols" "^1.0.3"

"has-symbols@^1.0.3":
  "integrity" "sha512-l3LCuF6MgDNwTDKkdYGEihYjt5pRPbEg46rtlmnSPlUbgmB8LOIrKJbYYFBSbnPaJexMKtiPO8hmeRjRz2Td+A=="
  "resolved" "https://registry.npmjs.org/has-symbols/-/has-symbols-1.0.3.tgz"
  "version" "1.0.3"

"has@^1.0.3":
  "integrity" "sha512-f2dvO0VU6Oej7RkWJGrehjbzMAjFp5/VKPp5tTpWIV4JHHZK1/BxbFRtf/siA2SWTe09caDmVtYYzWEIbBS4zw=="
  "resolved" "https://registry.npmjs.org/has/-/has-1.0.3.tgz"
  "version" "1.0.3"
  dependencies:
    "function-bind" "^1.1.1"

"http-errors@2.0.0":
  "integrity" "sha512-FtwrG/euBzaEjYeRqOgly7G0qviiXoJWnvEH2Z1plBdXgbyjv34pHTSb9zoeHMyDy33+DWy5Wt9Wo+TURtOYSQ=="
  "resolved" "https://registry.npmjs.org/http-errors/-/http-errors-2.0.0.tgz"
  "version" "2.0.0"
  dependencies:
    "depd" "2.0.0"
    "inherits" "2.0.4"
    "setprototypeof" "1.2.0"
    "statuses" "2.0.1"
    "toidentifier" "1.0.1"

"iconv-lite@^0.6.3":
  "integrity" "sha512-4fCk79wshMdzMp2rH06qWrJE4iolqLhCUH+OiuIgU++RB0+94NlDL81atO7GX55uUKueo0txHNtvEyI6D7WdMw=="
  "resolved" "https://registry.npmjs.org/iconv-lite/-/iconv-lite-0.6.3.tgz"
  "version" "0.6.3"
  dependencies:
    "safer-buffer" ">= 2.1.2 < 3.0.0"

"iconv-lite@0.4.24":
  "integrity" "sha512-v3MXnZAcvnywkTUEZomIActle7RXXeedOR31wwl7VlyoXO4Qi9arvSenNQWne1TcRwhCL1HwLI21bEqdpj8/rA=="
  "resolved" "https://registry.npmjs.org/iconv-lite/-/iconv-lite-0.4.24.tgz"
  "version" "0.4.24"
  dependencies:
    "safer-buffer" ">= 2.1.2 < 3"

"inherits@2.0.4":
  "integrity" "sha512-k/vGaX4/Yla3WzyMCvTQOXYeIHvqOKtnqBduzTHpzpQZzAskKMhZ2K+EnBiSM9zGSoIFeMpXKxa4dYeZIQqewQ=="
  "resolved" "https://registry.npmjs.org/inherits/-/inherits-2.0.4.tgz"
  "version" "2.0.4"

"ipaddr.js@1.9.1":
  "integrity" "sha512-0KI/607xoxSToH7GjN1FfSbLoU0+btTicjsQSWQlh/hZykN8KpmMf7uYwPW3R+akZ6R/w18ZlXSHBYXiYUPO3g=="
  "resolved" "https://registry.npmjs.org/ipaddr.js/-/ipaddr.js-1.9.1.tgz"
  "version" "1.9.1"

"is-buffer@^2.0.0":
  "integrity" "sha512-i2R6zNFDwgEHJyQUtJEk0XFi1i0dPFn/oqjK3/vPCcDeJvW5NQ83V8QbicfF1SupOaB0h8ntgBC2YiE7dfyctQ=="
  "resolved" "https://registry.npmjs.org/is-buffer/-/is-buffer-2.0.5.tgz"
  "version" "2.0.5"

"is-plain-obj@^4.0.0":
  "integrity" "sha512-+Pgi+vMuUNkJyExiMBt5IlFoMyKnr5zhJ4Uspz58WOhBF5QoIZkFyNHIbBAtHwzVAgk5RtndVNsDRN61/mmDqg=="
  "resolved" "https://registry.npmjs.org/is-plain-obj/-/is-plain-obj-4.1.0.tgz"
  "version" "4.1.0"

"leven@^4.0.0":
  "integrity" "sha512-puehA3YKku3osqPlNuzGDUHq8WpwXupUg1V6NXdV38G+gr+gkBwFC8g1b/+YcIvp8gnqVIus+eJCH/eGsRmJNw=="
  "resolved" "https://registry.npmjs.org/leven/-/leven-4.0.0.tgz"
  "version" "4.0.0"

"match-casing@^2.0.0":
  "integrity" "sha512-LeCq9FI5u4nppJnt4hklxcchkH9qH9+uFjX17f74a99lLkRXfVE49iL0hCtM5DZolps483viAy5zjvlTz/JNoA=="
  "resolved" "https://registry.npmjs.org/match-casing/-/match-casing-2.0.1.tgz"
  "version" "2.0.1"

"media-typer@0.3.0":
  "integrity" "sha512-dq+qelQ9akHpcOl/gUVRTxVIOkAJ1wR3QAvb4RsVjS8oVoFjDGTc679wJYmUmknUF5HwMLOgb5O+a3KxfWapPQ=="
  "resolved" "https://registry.npmjs.org/media-typer/-/media-typer-0.3.0.tgz"
  "version" "0.3.0"

"merge-descriptors@1.0.1":
  "integrity" "sha512-cCi6g3/Zr1iqQi6ySbseM1Xvooa98N0w31jzUYrXPX2xqObmFGHJ0tQ5u74H3mVh7wLouTseZyYIq39g8cNp1w=="
  "resolved" "https://registry.npmjs.org/merge-descriptors/-/merge-descriptors-1.0.1.tgz"
  "version" "1.0.1"

"methods@~1.1.2":
  "integrity" "sha512-iclAHeNqNm68zFtnZ0e+1L2yUIdvzNoauKU4WBA3VvH/vPFieF7qfRlwUZU+DA9P9bPXIS90ulxoUoCH23sV2w=="
  "resolved" "https://registry.npmjs.org/methods/-/methods-1.1.2.tgz"
  "version" "1.1.2"

"mime-db@1.52.0":
  "integrity" "sha512-sPU4uV7dYlvtWJxwwxHD0PuihVNiE7TyAbQ5SWxDCB9mUYvOgroQOwYQQOKPJ8CIbE+1ETVlOoK1UC2nU3gYvg=="
  "resolved" "https://registry.npmjs.org/mime-db/-/mime-db-1.52.0.tgz"
  "version" "1.52.0"

"mime-types@~2.1.24", "mime-types@~2.1.34":
  "integrity" "sha512-ZDY+bPm5zTTF+YpCrAU9nK0UgICYPT0QtT1NZWFv4s++TNkcgVaT0g6+4R2uI4MjQjzysHB1zxuWL50hzaeXiw=="
  "resolved" "https://registry.npmjs.org/mime-types/-/mime-types-2.1.35.tgz"
  "version" "2.1.35"
  dependencies:
    "mime-db" "1.52.0"

"mime@1.6.0":
  "integrity" "sha512-x0Vn8spI+wuJ1O6S7gnbaQg8Pxh4NNHb7KSINmEWKiPE4RKOplvijn+NkmYmmRgP68mc70j2EbeTFRsrswaQeg=="
  "resolved" "https://registry.npmjs.org/mime/-/mime-1.6.0.tgz"
  "version" "1.6.0"

"ms@2.0.0":
  "integrity" "sha512-Tpp60P6IUJDTuOq/5Z8cdskzJujfwqfOTkrwIwj7IRISpnkJnT6SyJ4PCPnGMoFjC9ddhal5KVIYtAt97ix05A=="
  "resolved" "https://registry.npmjs.org/ms/-/ms-2.0.0.tgz"
  "version" "2.0.0"

"ms@2.1.3":
  "integrity" "sha512-6FlzubTLZG3J2a/NVCAleEhjzq5oxgHyaCU9yYXvcLsvoVaHJq/s5xXI6/XXP6tz7R9xAOtHnSO/tXtF3WRTlA=="
  "resolved" "https://registry.npmjs.org/ms/-/ms-2.1.3.tgz"
  "version" "2.1.3"

"negotiator@0.6.3":
  "integrity" "sha512-+EUsqGPLsM+j/zdChZjsnX51g4XrHFOIXwfnCVPGlQk/k5giakcKsuxCObBRu6DSm9opw/O6slWbJdghQM4bBg=="
  "resolved" "https://registry.npmjs.org/negotiator/-/negotiator-0.6.3.tgz"
  "version" "0.6.3"

"nlcst-is-literal@^2.0.0":
  "integrity" "sha512-jaEIXvIreWx4lfkRa+B3toTTxQgDxnECncbEQVSUVfRWxamQFbRHgxyfrt0aMnuoq5AMd3CQHl5SHGGruOUOdQ=="
  "resolved" "https://registry.npmjs.org/nlcst-is-literal/-/nlcst-is-literal-2.1.0.tgz"
  "version" "2.1.0"
  dependencies:
    "@types/nlcst" "^1.0.0"
    "@types/unist" "^2.0.0"
    "nlcst-to-string" "^3.0.0"

"nlcst-normalize@^3.0.0":
  "integrity" "sha512-kRWfUwtffmU26wPAJ25St5rec29PhV8F6dKaa7PxGhH3uytsGakfLyOEEm1mULzWOdfyDb03aE+OKp7h0OJuhA=="
  "resolved" "https://registry.npmjs.org/nlcst-normalize/-/nlcst-normalize-3.1.0.tgz"
  "version" "3.1.0"
  dependencies:
    "@types/nlcst" "^1.0.0"
    "nlcst-to-string" "^3.0.0"

"nlcst-search@^3.0.0":
  "integrity" "sha512-d+0fXxF0d5oFAeeyuoGbIYcbiixE9Xt/lsmt491jjPyabXRoIRBE0++U+G8kbDyJFRk1bMQnGFpMCzeoMlDYfQ=="
  "resolved" "https://registry.npmjs.org/nlcst-search/-/nlcst-search-3.1.0.tgz"
  "version" "3.1.0"
  dependencies:
    "@types/nlcst" "^1.0.0"
    "@types/unist" "^2.0.0"
    "nlcst-is-literal" "^2.0.0"
    "nlcst-normalize" "^3.0.0"
    "unist-util-visit" "^4.0.0"

"nlcst-to-string@^2.0.0":
  "integrity" "sha512-3x3jwTd6UPG7vi5k4GEzvxJ5rDA7hVUIRNHPblKuMVP9Z3xmlsd9cgLcpAMkc5uPOBna82EeshROFhsPkbnTZg=="
  "resolved" "https://registry.npmjs.org/nlcst-to-string/-/nlcst-to-string-2.0.4.tgz"
  "version" "2.0.4"

"nlcst-to-string@^3.0.0":
  "integrity" "sha512-Y8HQWKw/zrHTCnu2zcFBN1dV6vN0NUG7s5fkEj380G8tF3R+vA2KG+tDl2QoHVQCTHGHVXwoni2RQkDSFQb1PA=="
  "resolved" "https://registry.npmjs.org/nlcst-to-string/-/nlcst-to-string-3.1.0.tgz"
  "version" "3.1.0"
  dependencies:
    "@types/nlcst" "^1.0.0"

"nspell@^2.0.0":
  "integrity" "sha512-PSStyugKMiD9mHmqI/CR5xXrSIGejUXPlo88FBRq5Og1kO5QwQ5Ilu8D8O5I/SHpoS+mibpw6uKA8rd3vXd2Sg=="
  "resolved" "https://registry.npmjs.org/nspell/-/nspell-2.1.5.tgz"
  "version" "2.1.5"
  dependencies:
    "is-buffer" "^2.0.0"

"number-to-words@^1.0.0":
  "integrity" "sha512-/fYevVkXRcyBiZDg6yzZbm0RuaD6i0qRfn8yr+6D0KgBMOndFPxuW10qCHpzs50nN8qKuv78k8MuotZhcVX6Pw=="
  "resolved" "https://registry.npmjs.org/number-to-words/-/number-to-words-1.2.4.tgz"
  "version" "1.2.4"

"object-inspect@^1.9.0":
  "integrity" "sha512-z+cPxW0QGUp0mcqcsgQyLVRDoXFQbXOwBaqyF7VIgI4TWNQsDHrBpUQslRmIfAoYWdYzs6UlKJtB2XJpTaNSpQ=="
  "resolved" "https://registry.npmjs.org/object-inspect/-/object-inspect-1.12.2.tgz"
  "version" "1.12.2"

"on-finished@2.4.1":
  "integrity" "sha512-oVlzkg3ENAhCk2zdv7IJwd/QUD4z2RxRwpkcGY8psCVcCYZNq4wYnVWALHM+brtuJjePWiYF/ClmuDr8Ch5+kg=="
  "resolved" "https://registry.npmjs.org/on-finished/-/on-finished-2.4.1.tgz"
  "version" "2.4.1"
  dependencies:
    "ee-first" "1.1.1"

"parse-english@^5.0.0":
  "integrity" "sha512-sMe/JmsY6g21aJCAm8KgCH90a9zCZ7aGSriSJ5B0CcGEsDN7YmiCk3+1iKPE1heDG6zYY4Xf++V8llWtCvNBSQ=="
  "resolved" "https://registry.npmjs.org/parse-english/-/parse-english-5.0.0.tgz"
  "version" "5.0.0"
  dependencies:
    "nlcst-to-string" "^2.0.0"
    "parse-latin" "^5.0.0"
    "unist-util-modify-children" "^2.0.0"
    "unist-util-visit-children" "^1.0.0"

"parse-latin@^5.0.0":
  "integrity" "sha512-Ht+4/+AUySMS5HKGAiQpBmkFsHSoGrj6Y83flLCa5OIBdtsVkO3UD4OtboJ0O0vZiOznH02x8qlwg9KLUVXuNg=="
  "resolved" "https://registry.npmjs.org/parse-latin/-/parse-latin-5.0.0.tgz"
  "version" "5.0.0"
  dependencies:
    "nlcst-to-string" "^2.0.0"
    "unist-util-modify-children" "^2.0.0"
    "unist-util-visit-children" "^1.0.0"

"parseurl@~1.3.3":
  "integrity" "sha512-CiyeOxFT/JZyN5m0z9PfXw4SCBJ6Sygz1Dpl0wqjlhDEGGBP1GnsUVEL0p63hoG1fcj3fHynXi9NYO4nWOL+qQ=="
  "resolved" "https://registry.npmjs.org/parseurl/-/parseurl-1.3.3.tgz"
  "version" "1.3.3"

"path-to-regexp@0.1.7":
  "integrity" "sha512-5DFkuoqlv1uYQKxy8omFBeJPQcdoE07Kv2sferDCrAq1ohOU+MSDswDIbnx3YAM60qIOnYa53wBhXW0EbMonrQ=="
  "resolved" "https://registry.npmjs.org/path-to-regexp/-/path-to-regexp-0.1.7.tgz"
  "version" "0.1.7"

"pluralize@^8.0.0":
  "integrity" "sha512-Nc3IT5yHzflTfbjgqWcCPpo7DaKy4FnpB0l/zCAW0Tc7jxAiuqSxHasntB3D7887LSrA93kDJ9IXovxJYxyLCA=="
  "resolved" "https://registry.npmjs.org/pluralize/-/pluralize-8.0.0.tgz"
  "version" "8.0.0"

"proxy-addr@~2.0.7":
  "integrity" "sha512-llQsMLSUDUPT44jdrU/O37qlnifitDP+ZwrmmZcoSKyLKvtZxpyV0n2/bD/N4tBAAZ/gJEdZU7KMraoK1+XYAg=="
  "resolved" "https://registry.npmjs.org/proxy-addr/-/proxy-addr-2.0.7.tgz"
  "version" "2.0.7"
  dependencies:
    "forwarded" "0.2.0"
    "ipaddr.js" "1.9.1"

"qs@6.10.3":
  "integrity" "sha512-wr7M2E0OFRfIfJZjKGieI8lBKb7fRCH4Fv5KNPEs7gJ8jadvotdsS08PzOKR7opXhZ/Xkjtt3WF9g38drmyRqQ=="
  "resolved" "https://registry.npmjs.org/qs/-/qs-6.10.3.tgz"
  "version" "6.10.3"
  dependencies:
    "side-channel" "^1.0.4"

"quotation@^2.0.0":
  "integrity" "sha512-FeUlLe40ROXHVWLZkzmeR2PNYWdkvTXEXhW6FX8axRv1ODt8Gxed3APrE1Qb5i1n70ZzZGRmvs0jY3v/BRcJQQ=="
  "resolved" "https://registry.npmjs.org/quotation/-/quotation-2.0.2.tgz"
  "version" "2.0.2"

"range-parser@~1.2.1":
  "integrity" "sha512-Hrgsx+orqoygnmhFbKaHE6c296J+HTAQXoxEF6gNupROmmGJRoyzfG3ccAveqCBrwr/2yxQ5BVd/GTl5agOwSg=="
  "resolved" "https://registry.npmjs.org/range-parser/-/range-parser-1.2.1.tgz"
  "version" "1.2.1"

"raw-body@2.5.1":
  "integrity" "sha512-qqJBtEyVgS0ZmPGdCFPWJ3FreoqvG4MVQln/kCgF7Olq95IbOp0/BWyMwbdtn4VTvkM8Y7khCQ2Xgk/tcrCXig=="
  "resolved" "https://registry.npmjs.org/raw-body/-/raw-body-2.5.1.tgz"
  "version" "2.5.1"
  dependencies:
    "bytes" "3.1.2"
    "http-errors" "2.0.0"
    "iconv-lite" "0.4.24"
    "unpipe" "1.0.0"

"retext-contractions@^5.2.0":
  "integrity" "sha512-G88PLbzHdjTBtgBFlc0Gh2uQPafJ3LpeMaBgKdS+j3hxHEVmlDZeMHRvx/5gRMyxj/QjFH0qifMM94+a/UVy6g=="
  "resolved" "https://registry.npmjs.org/retext-contractions/-/retext-contractions-5.2.0.tgz"
  "version" "5.2.0"
  dependencies:
    "@types/nlcst" "^1.0.0"
    "nlcst-is-literal" "^2.0.0"
    "nlcst-to-string" "^3.0.0"
    "unified" "^10.0.0"
    "unist-util-visit" "^4.0.0"

"retext-diacritics@^4.2.0":
  "integrity" "sha512-eag8Z8q2lJkWjOBuI0+5iHE5HZIVMqgPSo+ksV0sE2Z+1FIB3gMB1UNugNERwNL82F9bg6atfgcqyBIDpIutEg=="
  "resolved" "https://registry.npmjs.org/retext-diacritics/-/retext-diacritics-4.2.0.tgz"
  "version" "4.2.0"
  dependencies:
    "@types/nlcst" "^1.0.0"
    "match-casing" "^2.0.0"
    "nlcst-search" "^3.0.0"
    "nlcst-to-string" "^3.0.0"
    "quotation" "^2.0.0"
    "unified" "^10.0.0"
    "unist-util-position" "^4.0.0"

"retext-english@^4.1.0":
  "integrity" "sha512-Pky2idjvgkzfodO0GH9X4IU8LX/d4ULTnLf7S1WsBRlSCh/JdTFPafXZstJqZehtQWNHrgoCqVOiGugsNFYvIQ=="
  "resolved" "https://registry.npmjs.org/retext-english/-/retext-english-4.1.0.tgz"
  "version" "4.1.0"
  dependencies:
    "@types/nlcst" "^1.0.0"
    "parse-english" "^5.0.0"
    "unherit" "^3.0.0"
    "unified" "^10.0.0"

"retext-equality@^6.6.0":
  "integrity" "sha512-il0Q8Dlxluc67UQnk49XmwISl3mzf1Lvuat0yZKzR2NuuluzTXI4EK44HA5JOobt/vmYkDaJaDsxHf0MmE4OMA=="
  "resolved" "https://registry.npmjs.org/retext-equality/-/retext-equality-6.6.0.tgz"
  "version" "6.6.0"
  dependencies:
    "@types/nlcst" "^1.0.0"
    "@types/unist" "^2.0.6"
    "nlcst-normalize" "^3.0.0"
    "nlcst-search" "^3.0.0"
    "nlcst-to-string" "^3.0.0"
    "quotation" "^2.0.0"
    "unified" "^10.0.0"
    "unist-util-is" "^5.0.0"
    "unist-util-visit" "^4.0.0"
    "vfile" "^5.0.0"

"retext-indefinite-article@^4.1.0":
  "integrity" "sha512-vu1nJWFUVPU+TrE7eaxS6aJ9kA7+4qcsehgUx42EehcmGlWl+ilmOUKN3vnnG1JKIEmWcumB/Lg3W4whxN0YtQ=="
  "resolved" "https://registry.npmjs.org/retext-indefinite-article/-/retext-indefinite-article-4.1.0.tgz"
  "version" "4.1.0"
  dependencies:
    "@types/nlcst" "^1.0.0"
    "format" "^0.2.0"
    "nlcst-to-string" "^3.0.0"
    "number-to-words" "^1.0.0"
    "unified" "^10.0.0"
    "unist-util-visit" "^4.0.0"

"retext-latin@^3.0.0":
  "integrity" "sha512-5MrD1tuebzO8ppsja5eEu+ZbBeUNCjoEarn70tkXOS7Bdsdf6tNahsv2bY0Z8VooFF6cw7/6S+d3yI/TMlMVVQ=="
  "resolved" "https://registry.npmjs.org/retext-latin/-/retext-latin-3.1.0.tgz"
  "version" "3.1.0"
  dependencies:
    "@types/nlcst" "^1.0.0"
    "parse-latin" "^5.0.0"
    "unherit" "^3.0.0"
    "unified" "^10.0.0"

"retext-profanities@^7.2.1":
  "integrity" "sha512-VJ+opSjhmFKJnHvvqpM6/5Jxiizys9teNmQpdQgZTeUTddAGALq418/hjyvCvI1c2IGgya8pVA5pZ1b8+RMfyQ=="
  "resolved" "https://registry.npmjs.org/retext-profanities/-/retext-profanities-7.2.1.tgz"
  "version" "7.2.1"
  dependencies:
    "@types/nlcst" "^1.0.0"
    "cuss" "^2.0.0"
    "nlcst-search" "^3.0.0"
    "nlcst-to-string" "^3.0.0"
    "pluralize" "^8.0.0"
    "quotation" "^2.0.0"
    "unified" "^10.0.0"
    "unist-util-position" "^4.0.0"

"retext-repeated-words@^4.2.0":
  "integrity" "sha512-Tle40/5Xy6KxI94s4XRqGXcj6aWUeCoQZUGQto8OjZP98t4tKVDRVG3QGodF633hVOEiN1vYqj0Zegqoe8XOaw=="
  "resolved" "https://registry.npmjs.org/retext-repeated-words/-/retext-repeated-words-4.2.0.tgz"
  "version" "4.2.0"
  dependencies:
    "@types/nlcst" "^1.0.0"
    "nlcst-to-string" "^3.0.0"
    "unified" "^10.0.0"
    "unist-util-position" "^4.0.0"
    "unist-util-visit" "^4.0.0"

"retext-spell@^5.3.0":
  "integrity" "sha512-b4LLp5S7ScmE+qJ2gu7FKfJICcfIK/UYIn1L84gJNRjDJyVIXWgdqQ7kgoqduP1mH3fFiKz3YVyNS4hD3XTlWw=="
  "resolved" "https://registry.npmjs.org/retext-spell/-/retext-spell-5.3.0.tgz"
  "version" "5.3.0"
  dependencies:
    "@types/nlcst" "^1.0.0"
    "nlcst-is-literal" "^2.0.0"
    "nlcst-to-string" "^3.0.0"
    "nspell" "^2.0.0"
    "quotation" "^2.0.0"
    "unified" "^10.0.0"
    "unist-util-visit" "^4.0.0"

"retext-stringify@^3.0.0":
  "integrity" "sha512-767TLOaoXFXyOnjx/EggXlb37ZD2u4P1n0GJqVdpipqACsQP+20W+BNpMYrlJkq7hxffnFk+jc6mAK9qrbuB8w=="
  "resolved" "https://registry.npmjs.org/retext-stringify/-/retext-stringify-3.1.0.tgz"
  "version" "3.1.0"
  dependencies:
    "@types/nlcst" "^1.0.0"
    "nlcst-to-string" "^3.0.0"
    "unified" "^10.0.0"

"retext@^8.1.0":
  "integrity" "sha512-N9/Kq7YTn6ZpzfiGW45WfEGJqFf1IM1q8OsRa1CGzIebCJBNCANDRmOrholiDRGKo/We7ofKR4SEvcGAWEMD3Q=="
  "resolved" "https://registry.npmjs.org/retext/-/retext-8.1.0.tgz"
  "version" "8.1.0"
  dependencies:
    "@types/nlcst" "^1.0.0"
    "retext-latin" "^3.0.0"
    "retext-stringify" "^3.0.0"
    "unified" "^10.0.0"

"safe-buffer@5.2.1":
  "integrity" "sha512-rp3So07KcdmmKbGvgaNxQSJr7bGVSVk5S9Eq1F+ppbRo70+YeaDxkw5Dd8NPN+GD6bjnYm2VuPuCXmpuYvmCXQ=="
  "resolved" "https://registry.npmjs.org/safe-buffer/-/safe-buffer-5.2.1.tgz"
  "version" "5.2.1"

"safer-buffer@>= 2.1.2 < 3", "safer-buffer@>= 2.1.2 < 3.0.0":
  "integrity" "sha512-YZo3K82SD7Riyi0E1EQPojLz7kpepnSQI9IyPbHHg1XXXevb5dJI7tpyN2ADxGcQbHG7vcyRHk0cbwqcQriUtg=="
  "resolved" "https://registry.npmjs.org/safer-buffer/-/safer-buffer-2.1.2.tgz"
  "version" "2.1.2"

"send@0.18.0":
  "integrity" "sha512-qqWzuOjSFOuqPjFe4NOsMLafToQQwBSOEpS+FwEt3A2V3vKubTquT3vmLTQpFgMXp8AlFWFuP1qKaJZOtPpVXg=="
  "resolved" "https://registry.npmjs.org/send/-/send-0.18.0.tgz"
  "version" "0.18.0"
  dependencies:
    "debug" "2.6.9"
    "depd" "2.0.0"
    "destroy" "1.2.0"
    "encodeurl" "~1.0.2"
    "escape-html" "~1.0.3"
    "etag" "~1.8.1"
    "fresh" "0.5.2"
    "http-errors" "2.0.0"
    "mime" "1.6.0"
    "ms" "2.1.3"
    "on-finished" "2.4.1"
    "range-parser" "~1.2.1"
    "statuses" "2.0.1"

"serve-static@1.15.0":
  "integrity" "sha512-XGuRDNjXUijsUL0vl6nSD7cwURuzEgglbOaFuZM9g3kwDXOWVTck0jLzjPzGD+TazWbboZYu52/9/XPdUgne9g=="
  "resolved" "https://registry.npmjs.org/serve-static/-/serve-static-1.15.0.tgz"
  "version" "1.15.0"
  dependencies:
    "encodeurl" "~1.0.2"
    "escape-html" "~1.0.3"
    "parseurl" "~1.3.3"
    "send" "0.18.0"

"setprototypeof@1.2.0":
  "integrity" "sha512-E5LDX7Wrp85Kil5bhZv46j8jOeboKq5JMmYM3gVGdGH8xFpPWXUMsNrlODCrkoxMEeNi/XZIwuRvY4XNwYMJpw=="
  "resolved" "https://registry.npmjs.org/setprototypeof/-/setprototypeof-1.2.0.tgz"
  "version" "1.2.0"

"side-channel@^1.0.4":
  "integrity" "sha512-q5XPytqFEIKHkGdiMIrY10mvLRvnQh42/+GoBlFW3b2LXLE2xxJpZFdm94we0BaoV3RwJyGqg5wS7epxTv0Zvw=="
  "resolved" "https://registry.npmjs.org/side-channel/-/side-channel-1.0.4.tgz"
  "version" "1.0.4"
  dependencies:
    "call-bind" "^1.0.0"
    "get-intrinsic" "^1.0.2"
    "object-inspect" "^1.9.0"

"statuses@2.0.1":
  "integrity" "sha512-RwNA9Z/7PrK06rYLIzFMlaF+l73iwpzsqRIFgbMLbTcLD6cOao82TaWefPXQvB2fOC4AjuYSEndS7N/mTCbkdQ=="
  "resolved" "https://registry.npmjs.org/statuses/-/statuses-2.0.1.tgz"
  "version" "2.0.1"

"string-similarity@^4.0.4":
  "integrity" "sha512-/q/8Q4Bl4ZKAPjj8WerIBJWALKkaPRfrvhfF8k/B23i4nzrlRj2/go1m90In7nG/3XDSbOo0+pu6RvCTM9RGMQ=="
  "resolved" "https://registry.npmjs.org/string-similarity/-/string-similarity-4.0.4.tgz"
  "version" "4.0.4"

"string-width@^5.0.0":
  "integrity" "sha512-HnLOCR3vjcY8beoNLtcjZ5/nxn2afmME6lhrDrebokqMap+XbeW8n9TXpPDOqdGK5qcI3oT0GKTW6wC7EMiVqA=="
  "resolved" "https://registry.npmjs.org/string-width/-/string-width-5.1.2.tgz"
  "version" "5.1.2"
  dependencies:
    "eastasianwidth" "^0.2.0"
    "emoji-regex" "^9.2.2"
    "strip-ansi" "^7.0.1"

"strip-ansi@^7.0.1":
  "integrity" "sha512-cXNxvT8dFNRVfhVME3JAe98mkXDYN2O1l7jmcwMnOslDeESg1rF/OZMtK0nRAhiari1unG5cD4jG3rapUAkLbw=="
  "resolved" "https://registry.npmjs.org/strip-ansi/-/strip-ansi-7.0.1.tgz"
  "version" "7.0.1"
  dependencies:
    "ansi-regex" "^6.0.1"

"supports-color@^9.0.0":
  "integrity" "sha512-XC6g/Kgux+rJXmwokjm9ECpD6k/smUoS5LKlUCcsYr4IY3rW0XyAympon2RmxGrlnZURMpg5T18gWDP9CsHXFA=="
  "resolved" "https://registry.npmjs.org/supports-color/-/supports-color-9.2.2.tgz"
  "version" "9.2.2"

"to-vfile@^7.2.3":
  "integrity" "sha512-QO0A9aE6Z/YkmQadJ0syxpmNXtcQiu0qAtCKYKD5cS3EfgfFTAXfgLX6AOaBrSfWSek5nfsMf3gBZ9KGVFcLuw=="
  "resolved" "https://registry.npmjs.org/to-vfile/-/to-vfile-7.2.3.tgz"
  "version" "7.2.3"
  dependencies:
    "is-buffer" "^2.0.0"
    "vfile" "^5.1.0"

"toidentifier@1.0.1":
  "integrity" "sha512-o5sSPKEkg/DIQNmH43V0/uerLrpzVedkUh8tGNvaeXpfpuwjKenlSox/2O/BTlZUtEe+JG7s5YhEz608PlAHRA=="
  "resolved" "https://registry.npmjs.org/toidentifier/-/toidentifier-1.0.1.tgz"
  "version" "1.0.1"

"trough@^2.0.0":
  "integrity" "sha512-AqTiAOLcj85xS7vQ8QkAV41hPDIJ71XJB4RCUrzo/1GM2CQwhkJGaf9Hgr7BOugMRpgGUrqRg/DrBDl4H40+8g=="
  "resolved" "https://registry.npmjs.org/trough/-/trough-2.1.0.tgz"
  "version" "2.1.0"

"type-is@~1.6.18":
  "integrity" "sha512-TkRKr9sUTxEH8MdfuCSP7VizJyzRNMjj2J2do2Jr3Kym598JVdEksuzPQCnlFPW4ky9Q+iA+ma9BGm06XQBy8g=="
  "resolved" "https://registry.npmjs.org/type-is/-/type-is-1.6.18.tgz"
  "version" "1.6.18"
  dependencies:
    "media-typer" "0.3.0"
    "mime-types" "~2.1.24"

"unherit@^3.0.0":
  "integrity" "sha512-UmvIQZGEc9qdLIQ8mv8/61n6PiMgfbOoASPKHpCvII5srShCQSa6jSjBjlZOR4bxt2XnT6uo6csmPKRi+zQ0Jg=="
  "resolved" "https://registry.npmjs.org/unherit/-/unherit-3.0.0.tgz"
  "version" "3.0.0"

"unified@^10.0.0":
  "integrity" "sha512-pUSWAi/RAnVy1Pif2kAoeWNBa3JVrx0MId2LASj8G+7AiHWoKZNTomq6LG326T68U7/e263X6fTdcXIy7XnF7Q=="
  "resolved" "https://registry.npmjs.org/unified/-/unified-10.1.2.tgz"
  "version" "10.1.2"
  dependencies:
    "@types/unist" "^2.0.0"
    "bail" "^2.0.0"
    "extend" "^3.0.0"
    "is-buffer" "^2.0.0"
    "is-plain-obj" "^4.0.0"
    "trough" "^2.0.0"
    "vfile" "^5.0.0"

"unist-util-is@^5.0.0":
  "integrity" "sha512-F5CZ68eYzuSvJjGhCLPL3cYx45IxkqXSetCcRgUXtbcm50X2L9oOWQlfUfDdAf+6Pd27YDblBfdtmsThXmwpbQ=="
  "resolved" "https://registry.npmjs.org/unist-util-is/-/unist-util-is-5.1.1.tgz"
  "version" "5.1.1"

"unist-util-modify-children@^2.0.0":
  "integrity" "sha512-HGrj7JQo9DwZt8XFsX8UD4gGqOsIlCih9opG6Y+N11XqkBGKzHo8cvDi+MfQQgiZ7zXRUiQREYHhjOBHERTMdg=="
  "resolved" "https://registry.npmjs.org/unist-util-modify-children/-/unist-util-modify-children-2.0.0.tgz"
  "version" "2.0.0"
  dependencies:
    "array-iterate" "^1.0.0"

"unist-util-position@^4.0.0":
  "integrity" "sha512-p/5EMGIa1qwbXjA+QgcBXaPWjSnZfQ2Sc3yBEEfgPwsEmJd8Qh+DSk3LGnmOM4S1bY2C0AjmMnB8RuEYxpPwXQ=="
  "resolved" "https://registry.npmjs.org/unist-util-position/-/unist-util-position-4.0.3.tgz"
  "version" "4.0.3"
  dependencies:
    "@types/unist" "^2.0.0"

"unist-util-stringify-position@^3.0.0":
  "integrity" "sha512-7A6eiDCs9UtjcwZOcCpM4aPII3bAAGv13E96IkawkOAW0OhH+yRxtY0lzo8KiHpzEMfH7Q+FizUmwp8Iqy5EWg=="
  "resolved" "https://registry.npmjs.org/unist-util-stringify-position/-/unist-util-stringify-position-3.0.2.tgz"
  "version" "3.0.2"
  dependencies:
    "@types/unist" "^2.0.0"

"unist-util-visit-children@^1.0.0":
  "integrity" "sha512-sA/nXwYRCQVRwZU2/tQWUqJ9JSFM1X3x7JIOsIgSzrFHcfVt6NkzDtKzyxg2cZWkCwGF9CO8x4QNZRJRMK8FeQ=="
  "resolved" "https://registry.npmjs.org/unist-util-visit-children/-/unist-util-visit-children-1.1.4.tgz"
  "version" "1.1.4"

"unist-util-visit-parents@^5.1.1":
  "integrity" "sha512-gks4baapT/kNRaWxuGkl5BIhoanZo7sC/cUT/JToSRNL1dYoXRFl75d++NkjYk4TAu2uv2Px+l8guMajogeuiw=="
  "resolved" "https://registry.npmjs.org/unist-util-visit-parents/-/unist-util-visit-parents-5.1.1.tgz"
  "version" "5.1.1"
  dependencies:
    "@types/unist" "^2.0.0"
    "unist-util-is" "^5.0.0"

"unist-util-visit@^4.0.0":
  "integrity" "sha512-n9KN3WV9k4h1DxYR1LoajgN93wpEi/7ZplVe02IoB4gH5ctI1AaF2670BLHQYbwj+pY83gFtyeySFiyMHJklrg=="
  "resolved" "https://registry.npmjs.org/unist-util-visit/-/unist-util-visit-4.1.1.tgz"
  "version" "4.1.1"
  dependencies:
    "@types/unist" "^2.0.0"
    "unist-util-is" "^5.0.0"
    "unist-util-visit-parents" "^5.1.1"

"unpipe@~1.0.0", "unpipe@1.0.0":
  "integrity" "sha512-pjy2bYhSsufwWlKwPc+l3cN7+wuJlK6uz0YdJEOlQDbl6jo/YlPi4mb8agUkVC8BF7V8NuzeyPNqRksA3hztKQ=="
  "resolved" "https://registry.npmjs.org/unpipe/-/unpipe-1.0.0.tgz"
  "version" "1.0.0"

"utils-merge@1.0.1":
  "integrity" "sha512-pMZTvIkT1d+TFGvDOqodOclx0QWkkgi6Tdoa8gC8ffGAAqz9pzPTZWAybbsHHoED/ztMtkv/VoYTYyShUn81hA=="
  "resolved" "https://registry.npmjs.org/utils-merge/-/utils-merge-1.0.1.tgz"
  "version" "1.0.1"

"vary@~1.1.2":
  "integrity" "sha512-BNGbWLfd0eUPabhkXUVm0j8uuvREyTh5ovRa/dyow/BqAbZJyC+5fU+IzQOzmAKzYqYRAISoRhdQr3eIZ/PXqg=="
  "resolved" "https://registry.npmjs.org/vary/-/vary-1.1.2.tgz"
  "version" "1.1.2"

"vfile-message@^3.0.0":
  "integrity" "sha512-QjSNP6Yxzyycd4SVOtmKKyTsSvClqBPJcd00Z0zuPj3hOIjg0rUPG6DbFGPvUKRgYyaIWLPKpuEclcuvb3H8qA=="
  "resolved" "https://registry.npmjs.org/vfile-message/-/vfile-message-3.1.2.tgz"
  "version" "3.1.2"
  dependencies:
    "@types/unist" "^2.0.0"
    "unist-util-stringify-position" "^3.0.0"

"vfile-reporter-json@^3.1.0":
  "integrity" "sha512-Hm/rXgIGecCyjbXGY1BswIU6U0cy2ebixnags0vC26w2ckM9p8YeSn8jpsLZ3ply8zTZCRD1Er0Uc9hee8eMwg=="
  "resolved" "https://registry.npmjs.org/vfile-reporter-json/-/vfile-reporter-json-3.1.0.tgz"
  "version" "3.1.0"
  dependencies:
    "vfile" "^5.0.0"
    "vfile-message" "^3.0.0"

"vfile-reporter@^7.0.4":
  "integrity" "sha512-4cWalUnLrEnbeUQ+hARG5YZtaHieVK3Jp4iG5HslttkVl+MHunSGNAIrODOTLbtjWsNZJRMCkL66AhvZAYuJ9A=="
  "resolved" "https://registry.npmjs.org/vfile-reporter/-/vfile-reporter-7.0.4.tgz"
  "version" "7.0.4"
  dependencies:
    "@types/supports-color" "^8.0.0"
    "string-width" "^5.0.0"
    "supports-color" "^9.0.0"
    "unist-util-stringify-position" "^3.0.0"
    "vfile-sort" "^3.0.0"
    "vfile-statistics" "^2.0.0"

"vfile-sort@^3.0.0":
  "integrity" "sha512-fJNctnuMi3l4ikTVcKpxTbzHeCgvDhnI44amA3NVDvA6rTC6oKCFpCVyT5n2fFMr3ebfr+WVQZedOCd73rzSxg=="
  "resolved" "https://registry.npmjs.org/vfile-sort/-/vfile-sort-3.0.0.tgz"
  "version" "3.0.0"
  dependencies:
    "vfile-message" "^3.0.0"

"vfile-statistics@^2.0.0":
  "integrity" "sha512-foOWtcnJhKN9M2+20AOTlWi2dxNfAoeNIoxD5GXcO182UJyId4QrXa41fWrgcfV3FWTjdEDy3I4cpLVcQscIMA=="
  "resolved" "https://registry.npmjs.org/vfile-statistics/-/vfile-statistics-2.0.0.tgz"
  "version" "2.0.0"
  dependencies:
    "vfile-message" "^3.0.0"

"vfile@^5.0.0", "vfile@^5.1.0":
  "integrity" "sha512-KI+7cnst03KbEyN1+JE504zF5bJBZa+J+CrevLeyIMq0aPU681I2rQ5p4PlnQ6exFtWiUrg26QUdFMnAKR6PIw=="
  "resolved" "https://registry.npmjs.org/vfile/-/vfile-5.3.4.tgz"
  "version" "5.3.4"
  dependencies:
    "@types/unist" "^2.0.0"
    "is-buffer" "^2.0.0"
    "unist-util-stringify-position" "^3.0.0"
    "vfile-message" "^3.0.0"
